
Microsoft Visual Studio Solution File, Format Version 12.00
# Visual Studio Version 17
VisualStudioVersion = 17.8.34330.188
MinimumVisualStudioVersion = 10.0.40219.1
Project("{FAE04EC0-301F-11D3-BF4B-00C04F79EFBC}") = "cine_presentacion_windows", "cine_presentacion_windows\cine_presentacion_windows.csproj", "{FE95C5D3-D45C-4F49-94A3-3A2141859B52}"
EndProject
Project("{FAE04EC0-301F-11D3-BF4B-00C04F79EFBC}") = "cine_acceso_datos", "cine_acceso_datos\cine_acceso_datos.csproj", "{13964B0F-FFBF-46C2-8B38-45CD731FDCC8}"
EndProject
Project("{FAE04EC0-301F-11D3-BF4B-00C04F79EFBC}") = "cine_logica_negocios", "cine_logica_negocios\cine_logica_negocios.csproj", "{AF510889-148A-480A-89E0-994E84E029EE}"
EndProject
Global
	GlobalSection(SolutionConfigurationPlatforms) = preSolution
		Debug|Any CPU = Debug|Any CPU
		Release|Any CPU = Release|Any CPU
	EndGlobalSection
	GlobalSection(ProjectConfigurationPlatforms) = postSolution
		{FE95C5D3-D45C-4F49-94A3-3A2141859B52}.Debug|Any CPU.ActiveCfg = Debug|Any CPU
		{FE95C5D3-D45C-4F49-94A3-3A2141859B52}.Debug|Any CPU.Build.0 = Debug|Any CPU
		{FE95C5D3-D45C-4F49-94A3-3A2141859B52}.Release|Any CPU.ActiveCfg = Release|Any CPU
		{FE95C5D3-D45C-4F49-94A3-3A2141859B52}.Release|Any CPU.Build.0 = Release|Any CPU
		{13964B0F-FFBF-46C2-8B38-45CD731FDCC8}.Debug|Any CPU.ActiveCfg = Debug|Any CPU
		{13964B0F-FFBF-46C2-8B38-45CD731FDCC8}.Debug|Any CPU.Build.0 = Debug|Any CPU
		{13964B0F-FFBF-46C2-8B38-45CD731FDCC8}.Release|Any CPU.ActiveCfg = Release|Any CPU
		{13964B0F-FFBF-46C2-8B38-45CD731FDCC8}.Release|Any CPU.Build.0 = Release|Any CPU
		{AF510889-148A-480A-89E0-994E84E029EE}.Debug|Any CPU.ActiveCfg = Debug|Any CPU
		{AF510889-148A-480A-89E0-994E84E029EE}.Debug|Any CPU.Build.0 = Debug|Any CPU
		{AF510889-148A-480A-89E0-994E84E029EE}.Release|Any CPU.ActiveCfg = Release|Any CPU
		{AF510889-148A-480A-89E0-994E84E029EE}.Release|Any CPU.Build.0 = Release|Any CPU
	EndGlobalSection
	GlobalSection(SolutionProperties) = preSolution
		HideSolutionNode = FALSE
	EndGlobalSection
	GlobalSection(ExtensibilityGlobals) = postSolution
		SolutionGuid = {6A782694-DA92-40AE-AD75-9B35B1D99E7D}
	EndGlobalSection
EndGlobal
